
Microsoft Visual Studio Solution File, Format Version 12.00
# Visual Studio 2017
Project("{FAE04EC0-301F-11D3-BF4B-00C04F79EFBC}") = "1号", "1号.csproj", "{2CE306F7-BB40-AD6B-BBFE-F431E9BFEB33}"
EndProject
Global
	GlobalSection(SolutionConfigurationPlatforms) = preSolution
		Debug|Any CPU = Debug|Any CPU
		Release|Any CPU = Release|Any CPU
	EndGlobalSection
	GlobalSection(ProjectConfigurationPlatforms) = postSolution
		{2CE306F7-BB40-AD6B-BBFE-F431E9BFEB33}.Debug|Any CPU.ActiveCfg = Debug|Any CPU
		{2CE306F7-BB40-AD6B-BBFE-F431E9BFEB33}.Debug|Any CPU.Build.0 = Debug|Any CPU
		{2CE306F7-BB40-AD6B-BBFE-F431E9BFEB33}.Release|Any CPU.ActiveCfg = Release|Any CPU
		{2CE306F7-BB40-AD6B-BBFE-F431E9BFEB33}.Release|Any CPU.Build.0 = Release|Any CPU
	EndGlobalSection
	GlobalSection(SolutionProperties) = preSolution
		HideSolutionNode = FALSE
	EndGlobalSection
EndGlobal
